{
  "requires": true,
  "lockfileVersion": 1,
  "dependencies": {
    "@types/classnames": {
      "version": "2.2.4",
      "resolved": "https://registry.npmjs.org/@types/classnames/-/classnames-2.2.4.tgz",
      "integrity": "sha512-UWUmNYhaIGDx8Kv0NSqFRwP6HWnBMXam4nBacOrjIiPBKKCdWMCe77+Nbn6rI9+Us9c+BhE26u84xeYQv2bKeA==",
      "dev": true
    }
  }
}
